
Microsoft Visual Studio Solution File, Format Version 12.00
# Visual Studio Version 16
VisualStudioVersion = 16.0.30114.105
MinimumVisualStudioVersion = 10.0.40219.1
Project("{FAE04EC0-301F-11D3-BF4B-00C04F79EFBC}") = "MyFirstTest", "MyFirstTest\MyFirstTest.csproj", "{D7D65127-8435-49C4-A9D3-930E15405FF5}"
EndProject
Global
	GlobalSection(SolutionConfigurationPlatforms) = preSolution
		Debug|Any CPU = Debug|Any CPU
		Release|Any CPU = Release|Any CPU
	EndGlobalSection
	GlobalSection(ProjectConfigurationPlatforms) = postSolution
		{D7D65127-8435-49C4-A9D3-930E15405FF5}.Debug|Any CPU.ActiveCfg = Debug|Any CPU
		{D7D65127-8435-49C4-A9D3-930E15405FF5}.Debug|Any CPU.Build.0 = Debug|Any CPU
		{D7D65127-8435-49C4-A9D3-930E15405FF5}.Release|Any CPU.ActiveCfg = Release|Any CPU
		{D7D65127-8435-49C4-A9D3-930E15405FF5}.Release|Any CPU.Build.0 = Release|Any CPU
	EndGlobalSection
	GlobalSection(SolutionProperties) = preSolution
		HideSolutionNode = FALSE
	EndGlobalSection
	GlobalSection(ExtensibilityGlobals) = postSolution
		SolutionGuid = {902477C0-BE76-498B-A659-C24BEA1BD3B3}
	EndGlobalSection
EndGlobal
