
Microsoft Visual Studio Solution File, Format Version 12.00
# Visual Studio Version 16
VisualStudioVersion = 16.0.30114.105
MinimumVisualStudioVersion = 10.0.40219.1
Project("{9A19103F-16F7-4668-BE54-9A1E7A4F7556}") = "MyFirstTest", "MyFirstTest\MyFirstTest.csproj", "{7E2C3449-D679-4839-92FD-32FA54683BDD}"
EndProject
Global
	GlobalSection(SolutionConfigurationPlatforms) = preSolution
		Debug|Any CPU = Debug|Any CPU
		Release|Any CPU = Release|Any CPU
	EndGlobalSection
	GlobalSection(ProjectConfigurationPlatforms) = postSolution
		{7E2C3449-D679-4839-92FD-32FA54683BDD}.Debug|Any CPU.ActiveCfg = Debug|Any CPU
		{7E2C3449-D679-4839-92FD-32FA54683BDD}.Debug|Any CPU.Build.0 = Debug|Any CPU
		{7E2C3449-D679-4839-92FD-32FA54683BDD}.Release|Any CPU.ActiveCfg = Release|Any CPU
		{7E2C3449-D679-4839-92FD-32FA54683BDD}.Release|Any CPU.Build.0 = Release|Any CPU
	EndGlobalSection
	GlobalSection(SolutionProperties) = preSolution
		HideSolutionNode = FALSE
	EndGlobalSection
	GlobalSection(ExtensibilityGlobals) = postSolution
		SolutionGuid = {46A04196-C546-4BB1-93BD-9CB1917CC78A}
	EndGlobalSection
EndGlobal
